lockfileVersion: '9.0'

settings:
  autoInstallPeers: true
  excludeLinksFromLockfile: false

importers:

  .:
    dependencies:
      '@deepseek-ai/cordis':
        specifier: ~4.0.4
        version: 4.0.4
      yaml:
        specifier: ^2.8.1
        version: 2.9.1
    devDependencies:
      '@deepseek-ai/dsh-storage-domain':
        specifier: 0.1.7-rc.1
        version: 0.1.7-rc.1(@deepseek-ai/cordis@4.0.4)(@deepseek-ai/dsh-invariants@0.1.7-rc.1(@deepseek-ai/cordis@4.0.4))(@deepseek-ai/dsh-storage@0.1.7-rc.1(@deepseek-ai/cordis@4.0.4))
      '@deepseek-ai/schemastery':
        specifier: ^3.18.4
        version: 3.18.4
      zod:
        specifier: ^4.6.5
        version: 4.6.5

packages:

  '@deepseek-ai/cordis@4.0.4':
    resolution: {integrity: sha512-obgyxqWAmFn3Re8kvsuUnyW+ihrz6eJCnJO4fh1cQzDtmPYz/zzVeUkH9R94I0OwSVOocK67Kgakm04j/oQXzg==}
    hasBin: true
    peerDependencies:
      '@deepseek-ai/cordis-plugin-include': ~1.0.9
      '@deepseek-ai/cordis-plugin-loader': ~1.0.5
    peerDependenciesMeta:
      '@deepseek-ai/cordis-plugin-include':
        optional: true
      '@deepseek-ai/cordis-plugin-loader':
        optional: true

  '@deepseek-ai/cosmokit@1.8.5':
    resolution: {integrity: sha512-LXsrlem9z8dq4sLflj2yuCuYX7KqhdzF5hZly3eZyuTo8d6oDSOXuEgC5DbQWKW+lksm6zmOutQLsP/ma6wR6A==}

  '@deepseek-ai/dsh-invariants@0.1.7-rc.1':
    resolution: {integrity: sha512-YpV5n0THgTw98raUaqblDYNWxraX5A7oxOIHcr8w8eJyWE+XEJLePITeAwxZfwD+ElonZIvijZbk2twqFANNhg==}
    peerDependencies:
      '@deepseek-ai/cordis': ~4.0.4

  '@deepseek-ai/dsh-storage-domain@0.1.7-rc.1':
    resolution: {integrity: sha512-i3kZmfAlRV/cO+UpGWdNrmZvUTxjfcMpe/djB2hDyPjnVCggOPZgw2Dj+iklbRXGr3vBZXCI4nxnxmKtHvQLig==}
    peerDependencies:
      '@deepseek-ai/cordis': ~4.0.4
      '@deepseek-ai/dsh-invariants': 0.1.7-rc.1
      '@deepseek-ai/dsh-storage': 0.1.7-rc.1

  '@deepseek-ai/dsh-storage@0.1.7-rc.1':
    resolution: {integrity: sha512-aCy/7skVkH/BG0gGi4ceozrrp7AU/22JVzo1dU7GuoVEowbhExYzxd7t8Ps6MokIJ6cX4F9ZqDGE7W3HQjwkcQ==}
    peerDependencies:
      '@deepseek-ai/cordis': ~4.0.4

  '@deepseek-ai/schemastery@3.18.4':
    resolution: {integrity: sha512-SSXO6tYuyrIqKVbmOnIq0s+riUywYzouFMcnBluHF9n4KMo2G8HvEzhCYj6pj2617/glOjbJuVInJ9hfONsjkg==}

  '@standard-schema/spec@1.1.0':
    resolution: {integrity: sha512-l2aFy5jALhniG5HgqrD6jXLi/rUWrKvqN/qJx6yoJsgKhblVd+iqqU4RCXavm/jPityDo5TCvKMnpjKnOriy0w==}

  yaml@2.9.1:
    resolution: {integrity: sha512-3NxN8+78OdzbT7C/WjGsyfPAtJaN3FNDsWxv7Y7mcDsT/oOmgW8BpyQQFFBnvZE3j9Y2Sdz1ULFLezL7Eb2yFw==}
    engines: {node: '>= 14.6'}
    hasBin: true

  zod@4.6.5:
    resolution: {integrity: sha512-v5l/aFXZQeai4awLbOpSoHecE9UiMrnfx75tEXLjNonXVARxQ5mOeipTjROUchszUNCqnE+hqAMujRsRHsut2Q==}

snapshots:

  '@deepseek-ai/cordis@4.0.4':
    dependencies:
      '@deepseek-ai/cosmokit': 1.8.5
      '@standard-schema/spec': 1.1.0

  '@deepseek-ai/cosmokit@1.8.5': {}

  '@deepseek-ai/dsh-invariants@0.1.7-rc.1(@deepseek-ai/cordis@4.0.4)':
    dependencies:
      '@deepseek-ai/cordis': 4.0.4
      '@deepseek-ai/schemastery': 3.18.4

  '@deepseek-ai/dsh-storage-domain@0.1.7-rc.1(@deepseek-ai/cordis@4.0.4)(@deepseek-ai/dsh-invariants@0.1.7-rc.1(@deepseek-ai/cordis@4.0.4))(@deepseek-ai/dsh-storage@0.1.7-rc.1(@deepseek-ai/cordis@4.0.4))':
    dependencies:
      '@deepseek-ai/cordis': 4.0.4
      '@deepseek-ai/dsh-invariants': 0.1.7-rc.1(@deepseek-ai/cordis@4.0.4)
      '@deepseek-ai/dsh-storage': 0.1.7-rc.1(@deepseek-ai/cordis@4.0.4)
      '@deepseek-ai/schemastery': 3.18.4
      zod: 4.6.5

  '@deepseek-ai/dsh-storage@0.1.7-rc.1(@deepseek-ai/cordis@4.0.4)':
    dependencies:
      '@deepseek-ai/cordis': 4.0.4

  '@deepseek-ai/schemastery@3.18.4':
    dependencies:
      '@deepseek-ai/cosmokit': 1.8.5
      '@standard-schema/spec': 1.1.0

  '@standard-schema/spec@1.1.0': {}

  yaml@2.9.1: {}

  zod@4.6.5: {}
